
Microsoft Visual Studio Solution File, Format Version 12.00
# Visual Studio Version 17
VisualStudioVersion = 17.8.34408.163
MinimumVisualStudioVersion = 10.0.40219.1
Project("{FAE04EC0-301F-11D3-BF4B-00C04F79EFBC}") = "Rotina_Separar_Placas", "Rotina_Separar_Placas\Rotina_Separar_Placas.csproj", "{869C276E-52B4-4907-8CAD-A2609EFBE8C3}"
EndProject
Global
	GlobalSection(SolutionConfigurationPlatforms) = preSolution
		Debug|Any CPU = Debug|Any CPU
		Debug|x64 = Debug|x64
		Release|Any CPU = Release|Any CPU
		Release|x64 = Release|x64
	EndGlobalSection
	GlobalSection(ProjectConfigurationPlatforms) = postSolution
		{869C276E-52B4-4907-8CAD-A2609EFBE8C3}.Debug|Any CPU.ActiveCfg = Debug|Any CPU
		{869C276E-52B4-4907-8CAD-A2609EFBE8C3}.Debug|Any CPU.Build.0 = Debug|Any CPU
		{869C276E-52B4-4907-8CAD-A2609EFBE8C3}.Debug|x64.ActiveCfg = Debug|x64
		{869C276E-52B4-4907-8CAD-A2609EFBE8C3}.Debug|x64.Build.0 = Debug|x64
		{869C276E-52B4-4907-8CAD-A2609EFBE8C3}.Release|Any CPU.ActiveCfg = Release|Any CPU
		{869C276E-52B4-4907-8CAD-A2609EFBE8C3}.Release|Any CPU.Build.0 = Release|Any CPU
		{869C276E-52B4-4907-8CAD-A2609EFBE8C3}.Release|x64.ActiveCfg = Release|x64
		{869C276E-52B4-4907-8CAD-A2609EFBE8C3}.Release|x64.Build.0 = Release|x64
	EndGlobalSection
	GlobalSection(SolutionProperties) = preSolution
		HideSolutionNode = FALSE
	EndGlobalSection
	GlobalSection(ExtensibilityGlobals) = postSolution
		SolutionGuid = {352A10E0-996E-44F5-99B1-984A4818517B}
	EndGlobalSection
EndGlobal
